// !$*UTF8*$!
{
	archiveVersion = 1;
	classes = {
	};
	objectVersion = 46;
	objects = {

/* Begin PBXBuildFile section */
		7A3FFBAD1AE296BA00814217 /* ThreadRWViewController.m in Sources */ = {isa = PBXBuildFile; fileRef = 7A3FFBAB1AE296BA00814217 /* ThreadRWViewController.m */; };
		7A3FFBAE1AE296BA00814217 /* ThreadRWViewController.xib in Resources */ = {isa = PBXBuildFile; fileRef = 7A3FFBAC1AE296BA00814217 /* ThreadRWViewController.xib */; };
		7AA1FE571AE541DF00A53208 /* PTEntityDao.m in Sources */ = {isa = PBXBuildFile; fileRef = 7AA1FE561AE541DF00A53208 /* PTEntityDao.m */; };
		7AA1FE5F1AE5451200A53208 /* Feature.m in Sources */ = {isa = PBXBuildFile; fileRef = 7AA1FE5B1AE5451200A53208 /* Feature.m */; };
		7AA1FE601AE5451200A53208 /* User.m in Sources */ = {isa = PBXBuildFile; fileRef = 7AA1FE5D1AE5451200A53208 /* User.m */; };
		7AA1FE631AE5453300A53208 /* FeatureDao.m in Sources */ = {isa = PBXBuildFile; fileRef = 7AA1FE621AE5453300A53208 /* FeatureDao.m */; };
		7AA1FE661AE5467C00A53208 /* UserDao.m in Sources */ = {isa = PBXBuildFile; fileRef = 7AA1FE651AE5467C00A53208 /* UserDao.m */; };
		C2143E7D1AEB72B700C156F0 /* WritePerformaceViewController.m in Sources */ = {isa = PBXBuildFile; fileRef = C2143E7B1AEB72B700C156F0 /* WritePerformaceViewController.m */; };
		C2143E7E1AEB72B700C156F0 /* WritePerformaceViewController.xib in Resources */ = {isa = PBXBuildFile; fileRef = C2143E7C1AEB72B700C156F0 /* WritePerformaceViewController.xib */; };
		C2143E821AEC76F800C156F0 /* QueryPerformanceViewController.m in Sources */ = {isa = PBXBuildFile; fileRef = C2143E801AEC76F800C156F0 /* QueryPerformanceViewController.m */; };
		C2143E831AEC76F800C156F0 /* QueryPerformanceViewController.xib in Resources */ = {isa = PBXBuildFile; fileRef = C2143E811AEC76F800C156F0 /* QueryPerformanceViewController.xib */; };
		C220271C1ADB94340096878D /* main.m in Sources */ = {isa = PBXBuildFile; fileRef = C220271B1ADB94340096878D /* main.m */; };
		C220271F1ADB94340096878D /* AppDelegate.m in Sources */ = {isa = PBXBuildFile; fileRef = C220271E1ADB94340096878D /* AppDelegate.m */; };
		C22027221ADB94340096878D /* TestCoreData.xcdatamodeld in Sources */ = {isa = PBXBuildFile; fileRef = C22027201ADB94340096878D /* TestCoreData.xcdatamodeld */; };
		C22027251ADB94340096878D /* MasterViewController.m in Sources */ = {isa = PBXBuildFile; fileRef = C22027241ADB94340096878D /* MasterViewController.m */; };
		C220272B1ADB94340096878D /* Main.storyboard in Resources */ = {isa = PBXBuildFile; fileRef = C22027291ADB94340096878D /* Main.storyboard */; };
		C220272D1ADB94340096878D /* Images.xcassets in Resources */ = {isa = PBXBuildFile; fileRef = C220272C1ADB94340096878D /* Images.xcassets */; };
		C22027301ADB94340096878D /* LaunchScreen.xib in Resources */ = {isa = PBXBuildFile; fileRef = C220272E1ADB94340096878D /* LaunchScreen.xib */; };
		C220273C1ADB94340096878D /* TestCoreDataTests.m in Sources */ = {isa = PBXBuildFile; fileRef = C220273B1ADB94340096878D /* TestCoreDataTests.m */; };
		C25D6F471ADE365200ED2C40 /* PTCoreDataManager.m in Sources */ = {isa = PBXBuildFile; fileRef = C25D6F461ADE365200ED2C40 /* PTCoreDataManager.m */; };
		C25D6F481ADE365200ED2C40 /* PTCoreDataManager.m in Sources */ = {isa = PBXBuildFile; fileRef = C25D6F461ADE365200ED2C40 /* PTCoreDataManager.m */; };
		C25D6F4B1ADE36E300ED2C40 /* PTCoreDataCfg.m in Sources */ = {isa = PBXBuildFile; fileRef = C25D6F4A1ADE36E300ED2C40 /* PTCoreDataCfg.m */; };
		C25D6F4C1ADE36E300ED2C40 /* PTCoreDataCfg.m in Sources */ = {isa = PBXBuildFile; fileRef = C25D6F4A1ADE36E300ED2C40 /* PTCoreDataCfg.m */; };
		C25D6F4F1ADE384E00ED2C40 /* PTCoreDataContext.m in Sources */ = {isa = PBXBuildFile; fileRef = C25D6F4E1ADE384E00ED2C40 /* PTCoreDataContext.m */; };
		C25D6F501ADE384E00ED2C40 /* PTCoreDataContext.m in Sources */ = {isa = PBXBuildFile; fileRef = C25D6F4E1ADE384E00ED2C40 /* PTCoreDataContext.m */; };
		C25D6F541ADE508E00ED2C40 /* AppConfigures.m in Sources */ = {isa = PBXBuildFile; fileRef = C25D6F531ADE508E00ED2C40 /* AppConfigures.m */; };
		C25D6F551ADE508E00ED2C40 /* AppConfigures.m in Sources */ = {isa = PBXBuildFile; fileRef = C25D6F531ADE508E00ED2C40 /* AppConfigures.m */; };
/* End PBXBuildFile section */

/* Begin PBXContainerItemProxy section */
		C22027361ADB94340096878D /* PBXContainerItemProxy */ = {
			isa = PBXContainerItemProxy;
			containerPortal = C220270E1ADB94340096878D /* Project object */;
			proxyType = 1;
			remoteGlobalIDString = C22027151ADB94340096878D;
			remoteInfo = TestCoreData;
		};
/* End PBXContainerItemProxy section */

/* Begin PBXFileReference section */
		7A3FFBAA1AE296BA00814217 /* ThreadRWViewController.h */ = {isa = PBXFileReference; fileEncoding = 4; lastKnownFileType = sourcecode.c.h; name = ThreadRWViewController.h; path = UIFlow/ThreadRWViewController.h; sourceTree = "<group>"; };
		7A3FFBAB1AE296BA00814217 /* ThreadRWViewController.m */ = {isa = PBXFileReference; fileEncoding = 4; lastKnownFileType = sourcecode.c.objc; name = ThreadRWViewController.m; path = UIFlow/ThreadRWViewController.m; sourceTree = "<group>"; };
		7A3FFBAC1AE296BA00814217 /* ThreadRWViewController.xib */ = {isa = PBXFileReference; fileEncoding = 4; lastKnownFileType = file.xib; name = ThreadRWViewController.xib; path = UIFlow/ThreadRWViewController.xib; sourceTree = "<group>"; };
		7A8C32FA1ADE998300949DC3 /* TestCoreData 2.xcdatamodel */ = {isa = PBXFileReference; lastKnownFileType = wrapper.xcdatamodel; path = "TestCoreData 2.xcdatamodel"; sourceTree = "<group>"; };
		7AA1FE551AE541DF00A53208 /* PTEntityDao.h */ = {isa = PBXFileReference; fileEncoding = 4; lastKnownFileType = sourcecode.c.h; path = PTEntityDao.h; sourceTree = "<group>"; };
		7AA1FE561AE541DF00A53208 /* PTEntityDao.m */ = {isa = PBXFileReference; fileEncoding = 4; lastKnownFileType = sourcecode.c.objc; path = PTEntityDao.m; sourceTree = "<group>"; };
		7AA1FE5A1AE5451200A53208 /* Feature.h */ = {isa = PBXFileReference; fileEncoding = 4; lastKnownFileType = sourcecode.c.h; path = Feature.h; sourceTree = "<group>"; };
		7AA1FE5B1AE5451200A53208 /* Feature.m */ = {isa = PBXFileReference; fileEncoding = 4; lastKnownFileType = sourcecode.c.objc; path = Feature.m; sourceTree = "<group>"; };
		7AA1FE5C1AE5451200A53208 /* User.h */ = {isa = PBXFileReference; fileEncoding = 4; lastKnownFileType = sourcecode.c.h; path = User.h; sourceTree = "<group>"; };
		7AA1FE5D1AE5451200A53208 /* User.m */ = {isa = PBXFileReference; fileEncoding = 4; lastKnownFileType = sourcecode.c.objc; path = User.m; sourceTree = "<group>"; };
		7AA1FE611AE5453300A53208 /* FeatureDao.h */ = {isa = PBXFileReference; fileEncoding = 4; lastKnownFileType = sourcecode.c.h; path = FeatureDao.h; sourceTree = "<group>"; };
		7AA1FE621AE5453300A53208 /* FeatureDao.m */ = {isa = PBXFileReference; fileEncoding = 4; lastKnownFileType = sourcecode.c.objc; path = FeatureDao.m; sourceTree = "<group>"; };
		7AA1FE641AE5467C00A53208 /* UserDao.h */ = {isa = PBXFileReference; fileEncoding = 4; lastKnownFileType = sourcecode.c.h; path = UserDao.h; sourceTree = "<group>"; };
		7AA1FE651AE5467C00A53208 /* UserDao.m */ = {isa = PBXFileReference; fileEncoding = 4; lastKnownFileType = sourcecode.c.objc; path = UserDao.m; sourceTree = "<group>"; };
		C2143E7A1AEB72B700C156F0 /* WritePerformaceViewController.h */ = {isa = PBXFileReference; fileEncoding = 4; lastKnownFileType = sourcecode.c.h; name = WritePerformaceViewController.h; path = UIFlow/WritePerformaceViewController.h; sourceTree = "<group>"; };
		C2143E7B1AEB72B700C156F0 /* WritePerformaceViewController.m */ = {isa = PBXFileReference; fileEncoding = 4; lastKnownFileType = sourcecode.c.objc; name = WritePerformaceViewController.m; path = UIFlow/WritePerformaceViewController.m; sourceTree = "<group>"; };
		C2143E7C1AEB72B700C156F0 /* WritePerformaceViewController.xib */ = {isa = PBXFileReference; fileEncoding = 4; lastKnownFileType = file.xib; name = WritePerformaceViewController.xib; path = UIFlow/WritePerformaceViewController.xib; sourceTree = "<group>"; };
		C2143E7F1AEC76F800C156F0 /* QueryPerformanceViewController.h */ = {isa = PBXFileReference; fileEncoding = 4; lastKnownFileType = sourcecode.c.h; name = QueryPerformanceViewController.h; path = UIFlow/QueryPerformanceViewController.h; sourceTree = "<group>"; };
		C2143E801AEC76F800C156F0 /* QueryPerformanceViewController.m */ = {isa = PBXFileReference; fileEncoding = 4; lastKnownFileType = sourcecode.c.objc; name = QueryPerformanceViewController.m; path = UIFlow/QueryPerformanceViewController.m; sourceTree = "<group>"; };
		C2143E811AEC76F800C156F0 /* QueryPerformanceViewController.xib */ = {isa = PBXFileReference; fileEncoding = 4; lastKnownFileType = file.xib; name = QueryPerformanceViewController.xib; path = UIFlow/QueryPerformanceViewController.xib; sourceTree = "<group>"; };
		C22027161ADB94340096878D /* TestCoreData.app */ = {isa = PBXFileReference; explicitFileType = wrapper.application; includeInIndex = 0; path = TestCoreData.app; sourceTree = BUILT_PRODUCTS_DIR; };
		C220271A1ADB94340096878D /* Info.plist */ = {isa = PBXFileReference; lastKnownFileType = text.plist.xml; path = Info.plist; sourceTree = "<group>"; };
		C220271B1ADB94340096878D /* main.m */ = {isa = PBXFileReference; lastKnownFileType = sourcecode.c.objc; path = main.m; sourceTree = "<group>"; };
		C220271D1ADB94340096878D /* AppDelegate.h */ = {isa = PBXFileReference; lastKnownFileType = sourcecode.c.h; path = AppDelegate.h; sourceTree = "<group>"; };
		C220271E1ADB94340096878D /* AppDelegate.m */ = {isa = PBXFileReference; lastKnownFileType = sourcecode.c.objc; path = AppDelegate.m; sourceTree = "<group>"; };
		C22027211ADB94340096878D /* TestCoreData.xcdatamodel */ = {isa = PBXFileReference; lastKnownFileType = wrapper.xcdatamodel; path = TestCoreData.xcdatamodel; sourceTree = "<group>"; };
		C22027231ADB94340096878D /* MasterViewController.h */ = {isa = PBXFileReference; lastKnownFileType = sourcecode.c.h; path = MasterViewController.h; sourceTree = "<group>"; };
		C22027241ADB94340096878D /* MasterViewController.m */ = {isa = PBXFileReference; lastKnownFileType = sourcecode.c.objc; path = MasterViewController.m; sourceTree = "<group>"; };
		C220272A1ADB94340096878D /* Base */ = {isa = PBXFileReference; lastKnownFileType = file.storyboard; name = Base; path = Base.lproj/Main.storyboard; sourceTree = "<group>"; };
		C220272C1ADB94340096878D /* Images.xcassets */ = {isa = PBXFileReference; lastKnownFileType = folder.assetcatalog; path = Images.xcassets; sourceTree = "<group>"; };
		C220272F1ADB94340096878D /* Base */ = {isa = PBXFileReference; lastKnownFileType = file.xib; name = Base; path = Base.lproj/LaunchScreen.xib; sourceTree = "<group>"; };
		C22027351ADB94340096878D /* TestCoreDataTests.xctest */ = {isa = PBXFileReference; explicitFileType = wrapper.cfbundle; includeInIndex = 0; path = TestCoreDataTests.xctest; sourceTree = BUILT_PRODUCTS_DIR; };
		C220273A1ADB94340096878D /* Info.plist */ = {isa = PBXFileReference; lastKnownFileType = text.plist.xml; path = Info.plist; sourceTree = "<group>"; };
		C220273B1ADB94340096878D /* TestCoreDataTests.m */ = {isa = PBXFileReference; lastKnownFileType = sourcecode.c.objc; path = TestCoreDataTests.m; sourceTree = "<group>"; };
		C25D6F451ADE365200ED2C40 /* PTCoreDataManager.h */ = {isa = PBXFileReference; fileEncoding = 4; lastKnownFileType = sourcecode.c.h; path = PTCoreDataManager.h; sourceTree = "<group>"; };
		C25D6F461ADE365200ED2C40 /* PTCoreDataManager.m */ = {isa = PBXFileReference; fileEncoding = 4; lastKnownFileType = sourcecode.c.objc; path = PTCoreDataManager.m; sourceTree = "<group>"; };
		C25D6F491ADE36E300ED2C40 /* PTCoreDataCfg.h */ = {isa = PBXFileReference; fileEncoding = 4; lastKnownFileType = sourcecode.c.h; path = PTCoreDataCfg.h; sourceTree = "<group>"; };
		C25D6F4A1ADE36E300ED2C40 /* PTCoreDataCfg.m */ = {isa = PBXFileReference; fileEncoding = 4; lastKnownFileType = sourcecode.c.objc; path = PTCoreDataCfg.m; sourceTree = "<group>"; };
		C25D6F4D1ADE384E00ED2C40 /* PTCoreDataContext.h */ = {isa = PBXFileReference; fileEncoding = 4; lastKnownFileType = sourcecode.c.h; path = PTCoreDataContext.h; sourceTree = "<group>"; };
		C25D6F4E1ADE384E00ED2C40 /* PTCoreDataContext.m */ = {isa = PBXFileReference; fileEncoding = 4; lastKnownFileType = sourcecode.c.objc; path = PTCoreDataContext.m; sourceTree = "<group>"; };
		C25D6F521ADE508E00ED2C40 /* AppConfigures.h */ = {isa = PBXFileReference; fileEncoding = 4; lastKnownFileType = sourcecode.c.h; path = AppConfigures.h; sourceTree = "<group>"; };
		C25D6F531ADE508E00ED2C40 /* AppConfigures.m */ = {isa = PBXFileReference; fileEncoding = 4; lastKnownFileType = sourcecode.c.objc; path = AppConfigures.m; sourceTree = "<group>"; };
/* End PBXFileReference section */

/* Begin PBXFrameworksBuildPhase section */
		C22027131ADB94340096878D /* Frameworks */ = {
			isa = PBXFrameworksBuildPhase;
			buildActionMask = 2147483647;
			files = (
			);
			runOnlyForDeploymentPostprocessing = 0;
		};
		C22027321ADB94340096878D /* Frameworks */ = {
			isa = PBXFrameworksBuildPhase;
			buildActionMask = 2147483647;
			files = (
			);
			runOnlyForDeploymentPostprocessing = 0;
		};
/* End PBXFrameworksBuildPhase section */

/* Begin PBXGroup section */
		7A3FFBA91AE2963000814217 /* UIFlow */ = {
			isa = PBXGroup;
			children = (
				7A3FFBAA1AE296BA00814217 /* ThreadRWViewController.h */,
				7A3FFBAB1AE296BA00814217 /* ThreadRWViewController.m */,
				7A3FFBAC1AE296BA00814217 /* ThreadRWViewController.xib */,
				C2143E7A1AEB72B700C156F0 /* WritePerformaceViewController.h */,
				C2143E7B1AEB72B700C156F0 /* WritePerformaceViewController.m */,
				C2143E7C1AEB72B700C156F0 /* WritePerformaceViewController.xib */,
				C2143E7F1AEC76F800C156F0 /* QueryPerformanceViewController.h */,
				C2143E801AEC76F800C156F0 /* QueryPerformanceViewController.m */,
				C2143E811AEC76F800C156F0 /* QueryPerformanceViewController.xib */,
			);
			name = UIFlow;
			sourceTree = "<group>";
		};
		7AA1FE581AE5451200A53208 /* Model */ = {
			isa = PBXGroup;
			children = (
				7AA1FE591AE5451200A53208 /* Entity */,
				7AA1FE5E1AE5451200A53208 /* EntityDao */,
			);
			path = Model;
			sourceTree = "<group>";
		};
		7AA1FE591AE5451200A53208 /* Entity */ = {
			isa = PBXGroup;
			children = (
				7AA1FE5A1AE5451200A53208 /* Feature.h */,
				7AA1FE5B1AE5451200A53208 /* Feature.m */,
				7AA1FE5C1AE5451200A53208 /* User.h */,
				7AA1FE5D1AE5451200A53208 /* User.m */,
			);
			path = Entity;
			sourceTree = "<group>";
		};
		7AA1FE5E1AE5451200A53208 /* EntityDao */ = {
			isa = PBXGroup;
			children = (
				7AA1FE611AE5453300A53208 /* FeatureDao.h */,
				7AA1FE621AE5453300A53208 /* FeatureDao.m */,
				7AA1FE641AE5467C00A53208 /* UserDao.h */,
				7AA1FE651AE5467C00A53208 /* UserDao.m */,
			);
			path = EntityDao;
			sourceTree = "<group>";
		};
		C220270D1ADB94340096878D = {
			isa = PBXGroup;
			children = (
				C22027181ADB94340096878D /* TestCoreData */,
				C22027381ADB94340096878D /* TestCoreDataTests */,
				C22027171ADB94340096878D /* Products */,
			);
			sourceTree = "<group>";
		};
		C22027171ADB94340096878D /* Products */ = {
			isa = PBXGroup;
			children = (
				C22027161ADB94340096878D /* TestCoreData.app */,
				C22027351ADB94340096878D /* TestCoreDataTests.xctest */,
			);
			name = Products;
			sourceTree = "<group>";
		};
		C22027181ADB94340096878D /* TestCoreData */ = {
			isa = PBXGroup;
			children = (
				7AA1FE581AE5451200A53208 /* Model */,
				7A3FFBA91AE2963000814217 /* UIFlow */,
				C25D6F441ADE365200ED2C40 /* CoreDataTools */,
				C220271D1ADB94340096878D /* AppDelegate.h */,
				C220271E1ADB94340096878D /* AppDelegate.m */,
				C25D6F521ADE508E00ED2C40 /* AppConfigures.h */,
				C25D6F531ADE508E00ED2C40 /* AppConfigures.m */,
				C22027231ADB94340096878D /* MasterViewController.h */,
				C22027241ADB94340096878D /* MasterViewController.m */,
				C22027291ADB94340096878D /* Main.storyboard */,
				C220272C1ADB94340096878D /* Images.xcassets */,
				C220272E1ADB94340096878D /* LaunchScreen.xib */,
				C22027201ADB94340096878D /* TestCoreData.xcdatamodeld */,
				C22027191ADB94340096878D /* Supporting Files */,
			);
			path = TestCoreData;
			sourceTree = "<group>";
		};
		C22027191ADB94340096878D /* Supporting Files */ = {
			isa = PBXGroup;
			children = (
				C220271A1ADB94340096878D /* Info.plist */,
				C220271B1ADB94340096878D /* main.m */,
			);
			name = "Supporting Files";
			sourceTree = "<group>";
		};
		C22027381ADB94340096878D /* TestCoreDataTests */ = {
			isa = PBXGroup;
			children = (
				C220273B1ADB94340096878D /* TestCoreDataTests.m */,
				C22027391ADB94340096878D /* Supporting Files */,
			);
			path = TestCoreDataTests;
			sourceTree = "<group>";
		};
		C22027391ADB94340096878D /* Supporting Files */ = {
			isa = PBXGroup;
			children = (
				C220273A1ADB94340096878D /* Info.plist */,
			);
			name = "Supporting Files";
			sourceTree = "<group>";
		};
		C25D6F441ADE365200ED2C40 /* CoreDataTools */ = {
			isa = PBXGroup;
			children = (
				C25D6F491ADE36E300ED2C40 /* PTCoreDataCfg.h */,
				C25D6F4A1ADE36E300ED2C40 /* PTCoreDataCfg.m */,
				C25D6F451ADE365200ED2C40 /* PTCoreDataManager.h */,
				C25D6F461ADE365200ED2C40 /* PTCoreDataManager.m */,
				C25D6F4D1ADE384E00ED2C40 /* PTCoreDataContext.h */,
				C25D6F4E1ADE384E00ED2C40 /* PTCoreDataContext.m */,
				7AA1FE551AE541DF00A53208 /* PTEntityDao.h */,
				7AA1FE561AE541DF00A53208 /* PTEntityDao.m */,
			);
			path = CoreDataTools;
			sourceTree = "<group>";
		};
/* End PBXGroup section */

/* Begin PBXNativeTarget section */
		C22027151ADB94340096878D /* TestCoreData */ = {
			isa = PBXNativeTarget;
			buildConfigurationList = C220273F1ADB94340096878D /* Build configuration list for PBXNativeTarget "TestCoreData" */;
			buildPhases = (
				C22027121ADB94340096878D /* Sources */,
				C22027131ADB94340096878D /* Frameworks */,
				C22027141ADB94340096878D /* Resources */,
			);
			buildRules = (
			);
			dependencies = (
			);
			name = TestCoreData;
			productName = TestCoreData;
			productReference = C22027161ADB94340096878D /* TestCoreData.app */;
			productType = "com.apple.product-type.application";
		};
		C22027341ADB94340096878D /* TestCoreDataTests */ = {
			isa = PBXNativeTarget;
			buildConfigurationList = C22027421ADB94340096878D /* Build configuration list for PBXNativeTarget "TestCoreDataTests" */;
			buildPhases = (
				C22027311ADB94340096878D /* Sources */,
				C22027321ADB94340096878D /* Frameworks */,
				C22027331ADB94340096878D /* Resources */,
			);
			buildRules = (
			);
			dependencies = (
				C22027371ADB94340096878D /* PBXTargetDependency */,
			);
			name = TestCoreDataTests;
			productName = TestCoreDataTests;
			productReference = C22027351ADB94340096878D /* TestCoreDataTests.xctest */;
			productType = "com.apple.product-type.bundle.unit-test";
		};
/* End PBXNativeTarget section */

/* Begin PBXProject section */
		C220270E1ADB94340096878D /* Project object */ = {
			isa = PBXProject;
			attributes = {
				LastUpgradeCheck = 0610;
				ORGANIZATIONNAME = DMSSQA;
				TargetAttributes = {
					C22027151ADB94340096878D = {
						CreatedOnToolsVersion = 6.1.1;
					};
					C22027341ADB94340096878D = {
						CreatedOnToolsVersion = 6.1.1;
						TestTargetID = C22027151ADB94340096878D;
					};
				};
			};
			buildConfigurationList = C22027111ADB94340096878D /* Build configuration list for PBXProject "TestCoreData" */;
			compatibilityVersion = "Xcode 3.2";
			developmentRegion = English;
			hasScannedForEncodings = 0;
			knownRegions = (
				en,
				Base,
			);
			mainGroup = C220270D1ADB94340096878D;
			productRefGroup = C22027171ADB94340096878D /* Products */;
			projectDirPath = "";
			projectRoot = "";
			targets = (
				C22027151ADB94340096878D /* TestCoreData */,
				C22027341ADB94340096878D /* TestCoreDataTests */,
			);
		};
/* End PBXProject section */

/* Begin PBXResourcesBuildPhase section */
		C22027141ADB94340096878D /* Resources */ = {
			isa = PBXResourcesBuildPhase;
			buildActionMask = 2147483647;
			files = (
				C2143E831AEC76F800C156F0 /* QueryPerformanceViewController.xib in Resources */,
				C220272B1ADB94340096878D /* Main.storyboard in Resources */,
				C22027301ADB94340096878D /* LaunchScreen.xib in Resources */,
				C220272D1ADB94340096878D /* Images.xcassets in Resources */,
				C2143E7E1AEB72B700C156F0 /* WritePerformaceViewController.xib in Resources */,
				7A3FFBAE1AE296BA00814217 /* ThreadRWViewController.xib in Resources */,
			);
			runOnlyForDeploymentPostprocessing = 0;
		};
		C22027331ADB94340096878D /* Resources */ = {
			isa = PBXResourcesBuildPhase;
			buildActionMask = 2147483647;
			files = (
			);
			runOnlyForDeploymentPostprocessing = 0;
		};
/* End PBXResourcesBuildPhase section */

/* Begin PBXSourcesBuildPhase section */
		C22027121ADB94340096878D /* Sources */ = {
			isa = PBXSourcesBuildPhase;
			buildActionMask = 2147483647;
			files = (
				7AA1FE5F1AE5451200A53208 /* Feature.m in Sources */,
				C25D6F4F1ADE384E00ED2C40 /* PTCoreDataContext.m in Sources */,
				C25D6F4B1ADE36E300ED2C40 /* PTCoreDataCfg.m in Sources */,
				C25D6F471ADE365200ED2C40 /* PTCoreDataManager.m in Sources */,
				C2143E821AEC76F800C156F0 /* QueryPerformanceViewController.m in Sources */,
				7AA1FE631AE5453300A53208 /* FeatureDao.m in Sources */,
				C22027251ADB94340096878D /* MasterViewController.m in Sources */,
				C220271F1ADB94340096878D /* AppDelegate.m in Sources */,
				C22027221ADB94340096878D /* TestCoreData.xcdatamodeld in Sources */,
				C25D6F541ADE508E00ED2C40 /* AppConfigures.m in Sources */,
				7AA1FE601AE5451200A53208 /* User.m in Sources */,
				7AA1FE571AE541DF00A53208 /* PTEntityDao.m in Sources */,
				C2143E7D1AEB72B700C156F0 /* WritePerformaceViewController.m in Sources */,
				7A3FFBAD1AE296BA00814217 /* ThreadRWViewController.m in Sources */,
				C220271C1ADB94340096878D /* main.m in Sources */,
				7AA1FE661AE5467C00A53208 /* UserDao.m in Sources */,
			);
			runOnlyForDeploymentPostprocessing = 0;
		};
		C22027311ADB94340096878D /* Sources */ = {
			isa = PBXSourcesBuildPhase;
			buildActionMask = 2147483647;
			files = (
				C25D6F501ADE384E00ED2C40 /* PTCoreDataContext.m in Sources */,
				C25D6F481ADE365200ED2C40 /* PTCoreDataManager.m in Sources */,
				C25D6F4C1ADE36E300ED2C40 /* PTCoreDataCfg.m in Sources */,
				C25D6F551ADE508E00ED2C40 /* AppConfigures.m in Sources */,
				C220273C1ADB94340096878D /* TestCoreDataTests.m in Sources */,
			);
			runOnlyForDeploymentPostprocessing = 0;
		};
/* End PBXSourcesBuildPhase section */

/* Begin PBXTargetDependency section */
		C22027371ADB94340096878D /* PBXTargetDependency */ = {
			isa = PBXTargetDependency;
			target = C22027151ADB94340096878D /* TestCoreData */;
			targetProxy = C22027361ADB94340096878D /* PBXContainerItemProxy */;
		};
/* End PBXTargetDependency section */

/* Begin PBXVariantGroup section */
		C22027291ADB94340096878D /* Main.storyboard */ = {
			isa = PBXVariantGroup;
			children = (
				C220272A1ADB94340096878D /* Base */,
			);
			name = Main.storyboard;
			sourceTree = "<group>";
		};
		C220272E1ADB94340096878D /* LaunchScreen.xib */ = {
			isa = PBXVariantGroup;
			children = (
				C220272F1ADB94340096878D /* Base */,
			);
			name = LaunchScreen.xib;
			sourceTree = "<group>";
		};
/* End PBXVariantGroup section */

/* Begin XCBuildConfiguration section */
		C220273D1ADB94340096878D /* Debug */ = {
			isa = XCBuildConfiguration;
			buildSettings = {
				ALWAYS_SEARCH_USER_PATHS = NO;
				CLANG_CXX_LANGUAGE_STANDARD = "gnu++0x";
				CLANG_CXX_LIBRARY = "libc++";
				CLANG_ENABLE_MODULES = YES;
				CLANG_ENABLE_OBJC_ARC = YES;
				CLANG_WARN_BOOL_CONVERSION = YES;
				CLANG_WARN_CONSTANT_CONVERSION = YES;
				CLANG_WARN_DIRECT_OBJC_ISA_USAGE = YES_ERROR;
				CLANG_WARN_EMPTY_BODY = YES;
				CLANG_WARN_ENUM_CONVERSION = YES;
				CLANG_WARN_INT_CONVERSION = YES;
				CLANG_WARN_OBJC_ROOT_CLASS = YES_ERROR;
				CLANG_WARN_UNREACHABLE_CODE = YES;
				CLANG_WARN__DUPLICATE_METHOD_MATCH = YES;
				"CODE_SIGN_IDENTITY[sdk=iphoneos*]" = "iPhone Developer";
				COPY_PHASE_STRIP = NO;
				ENABLE_STRICT_OBJC_MSGSEND = YES;
				GCC_C_LANGUAGE_STANDARD = gnu99;
				GCC_DYNAMIC_NO_PIC = NO;
				GCC_OPTIMIZATION_LEVEL = 0;
				GCC_PREPROCESSOR_DEFINITIONS = (
					"DEBUG=1",
					"$(inherited)",
				);
				GCC_SYMBOLS_PRIVATE_EXTERN = NO;
				GCC_WARN_64_TO_32_BIT_CONVERSION = YES;
				GCC_WARN_ABOUT_RETURN_TYPE = YES_ERROR;
				GCC_WARN_UNDECLARED_SELECTOR = YES;
				GCC_WARN_UNINITIALIZED_AUTOS = YES_AGGRESSIVE;
				GCC_WARN_UNUSED_FUNCTION = YES;
				GCC_WARN_UNUSED_VARIABLE = YES;
				IPHONEOS_DEPLOYMENT_TARGET = 8.1;
				MTL_ENABLE_DEBUG_INFO = YES;
				ONLY_ACTIVE_ARCH = YES;
				SDKROOT = iphoneos;
			};
			name = Debug;
		};
		C220273E1ADB94340096878D /* Release */ = {
			isa = XCBuildConfiguration;
			buildSettings = {
				ALWAYS_SEARCH_USER_PATHS = NO;
				CLANG_CXX_LANGUAGE_STANDARD = "gnu++0x";
				CLANG_CXX_LIBRARY = "libc++";
				CLANG_ENABLE_MODULES = YES;
				CLANG_ENABLE_OBJC_ARC = YES;
				CLANG_WARN_BOOL_CONVERSION = YES;
				CLANG_WARN_CONSTANT_CONVERSION = YES;
				CLANG_WARN_DIRECT_OBJC_ISA_USAGE = YES_ERROR;
				CLANG_WARN_EMPTY_BODY = YES;
				CLANG_WARN_ENUM_CONVERSION = YES;
				CLANG_WARN_INT_CONVERSION = YES;
				CLANG_WARN_OBJC_ROOT_CLASS = YES_ERROR;
				CLANG_WARN_UNREACHABLE_CODE = YES;
				CLANG_WARN__DUPLICATE_METHOD_MATCH = YES;
				"CODE_SIGN_IDENTITY[sdk=iphoneos*]" = "iPhone Developer";
				COPY_PHASE_STRIP = YES;
				ENABLE_NS_ASSERTIONS = NO;
				ENABLE_STRICT_OBJC_MSGSEND = YES;
				GCC_C_LANGUAGE_STANDARD = gnu99;
				GCC_WARN_64_TO_32_BIT_CONVERSION = YES;
				GCC_WARN_ABOUT_RETURN_TYPE = YES_ERROR;
				GCC_WARN_UNDECLARED_SELECTOR = YES;
				GCC_WARN_UNINITIALIZED_AUTOS = YES_AGGRESSIVE;
				GCC_WARN_UNUSED_FUNCTION = YES;
				GCC_WARN_UNUSED_VARIABLE = YES;
				IPHONEOS_DEPLOYMENT_TARGET = 8.1;
				MTL_ENABLE_DEBUG_INFO = NO;
				SDKROOT = iphoneos;
				VALIDATE_PRODUCT = YES;
			};
			name = Release;
		};
		C22027401ADB94340096878D /* Debug */ = {
			isa = XCBuildConfiguration;
			buildSettings = {
				ASSETCATALOG_COMPILER_APPICON_NAME = AppIcon;
				INFOPLIST_FILE = TestCoreData/Info.plist;
				LD_RUNPATH_SEARCH_PATHS = "$(inherited) @executable_path/Frameworks";
				PRODUCT_NAME = "$(TARGET_NAME)";
			};
			name = Debug;
		};
		C22027411ADB94340096878D /* Release */ = {
			isa = XCBuildConfiguration;
			buildSettings = {
				ASSETCATALOG_COMPILER_APPICON_NAME = AppIcon;
				INFOPLIST_FILE = TestCoreData/Info.plist;
				LD_RUNPATH_SEARCH_PATHS = "$(inherited) @executable_path/Frameworks";
				PRODUCT_NAME = "$(TARGET_NAME)";
			};
			name = Release;
		};
		C22027431ADB94340096878D /* Debug */ = {
			isa = XCBuildConfiguration;
			buildSettings = {
				BUNDLE_LOADER = "$(TEST_HOST)";
				FRAMEWORK_SEARCH_PATHS = (
					"$(SDKROOT)/Developer/Library/Frameworks",
					"$(inherited)",
				);
				GCC_PREPROCESSOR_DEFINITIONS = (
					"DEBUG=1",
					"$(inherited)",
				);
				INFOPLIST_FILE = TestCoreDataTests/Info.plist;
				LD_RUNPATH_SEARCH_PATHS = "$(inherited) @executable_path/Frameworks @loader_path/Frameworks";
				PRODUCT_NAME = "$(TARGET_NAME)";
				TEST_HOST = "$(BUILT_PRODUCTS_DIR)/TestCoreData.app/TestCoreData";
			};
			name = Debug;
		};
		C22027441ADB94340096878D /* Release */ = {
			isa = XCBuildConfiguration;
			buildSettings = {
				BUNDLE_LOADER = "$(TEST_HOST)";
				FRAMEWORK_SEARCH_PATHS = (
					"$(SDKROOT)/Developer/Library/Frameworks",
					"$(inherited)",
				);
				INFOPLIST_FILE = TestCoreDataTests/Info.plist;
				LD_RUNPATH_SEARCH_PATHS = "$(inherited) @executable_path/Frameworks @loader_path/Frameworks";
				PRODUCT_NAME = "$(TARGET_NAME)";
				TEST_HOST = "$(BUILT_PRODUCTS_DIR)/TestCoreData.app/TestCoreData";
			};
			name = Release;
		};
/* End XCBuildConfiguration section */

/* Begin XCConfigurationList section */
		C22027111ADB94340096878D /* Build configuration list for PBXProject "TestCoreData" */ = {
			isa = XCConfigurationList;
			buildConfigurations = (
				C220273D1ADB94340096878D /* Debug */,
				C220273E1ADB94340096878D /* Release */,
			);
			defaultConfigurationIsVisible = 0;
			defaultConfigurationName = Release;
		};
		C220273F1ADB94340096878D /* Build configuration list for PBXNativeTarget "TestCoreData" */ = {
			isa = XCConfigurationList;
			buildConfigurations = (
				C22027401ADB94340096878D /* Debug */,
				C22027411ADB94340096878D /* Release */,
			);
			defaultConfigurationIsVisible = 0;
			defaultConfigurationName = Release;
		};
		C22027421ADB94340096878D /* Build configuration list for PBXNativeTarget "TestCoreDataTests" */ = {
			isa = XCConfigurationList;
			buildConfigurations = (
				C22027431ADB94340096878D /* Debug */,
				C22027441ADB94340096878D /* Release */,
			);
			defaultConfigurationIsVisible = 0;
			defaultConfigurationName = Release;
		};
/* End XCConfigurationList section */

/* Begin XCVersionGroup section */
		C22027201ADB94340096878D /* TestCoreData.xcdatamodeld */ = {
			isa = XCVersionGroup;
			children = (
				7A8C32FA1ADE998300949DC3 /* TestCoreData 2.xcdatamodel */,
				C22027211ADB94340096878D /* TestCoreData.xcdatamodel */,
			);
			currentVersion = 7A8C32FA1ADE998300949DC3 /* TestCoreData 2.xcdatamodel */;
			path = TestCoreData.xcdatamodeld;
			sourceTree = "<group>";
			versionGroupType = wrapper.xcdatamodel;
		};
/* End XCVersionGroup section */
	};
	rootObject = C220270E1ADB94340096878D /* Project object */;
}
